{
  "name": "retrodelta",
  "version": "1.0.0",
  "lockfileVersion": 2,
  "requires": true,
  "packages": {
    "": {
      "name": "retrodelta",
      "version": "1.0.0",
      "license": "MIT",
      "dependencies": {
        "adm-zip": "^0.5.14",
        "json5": "^2.2.3"
      }
    },
    "node_modules/adm-zip": {
      "version": "0.5.14",
      "resolved": "https://registry.npmjs.org/adm-zip/-/adm-zip-0.5.14.tgz",
      "integrity": "sha512-DnyqqifT4Jrcvb8USYjp6FHtBpEIz1mnXu6pTRHZ0RL69LbQYiO+0lDFg5+OKA7U29oWSs3a/i8fhn8ZcceIWg==",
      "engines": {
        "node": ">=12.0"
      }
    },
    "node_modules/json5": {
      "version": "2.2.3",
      "resolved": "https://registry.npmjs.org/json5/-/json5-2.2.3.tgz",
      "integrity": "sha512-XmOWe7eyHYH14cLdVPoyg+GOH3rYX++KpzrylJwSW98t3Nk+U8XOl8FWKOgwtzdb8lXGf6zYwDUzeHMWfxasyg==",
      "bin": {
        "json5": "lib/cli.js"
      },
      "engines": {
        "node": ">=6"
      }
    }
  },
  "dependencies": {
    "adm-zip": {
      "version": "0.5.14",
      "resolved": "https://registry.npmjs.org/adm-zip/-/adm-zip-0.5.14.tgz",
      "integrity": "sha512-DnyqqifT4Jrcvb8USYjp6FHtBpEIz1mnXu6pTRHZ0RL69LbQYiO+0lDFg5+OKA7U29oWSs3a/i8fhn8ZcceIWg=="
    },
    "json5": {
      "version": "2.2.3",
      "resolved": "https://registry.npmjs.org/json5/-/json5-2.2.3.tgz",
      "integrity": "sha512-XmOWe7eyHYH14cLdVPoyg+GOH3rYX++KpzrylJwSW98t3Nk+U8XOl8FWKOgwtzdb8lXGf6zYwDUzeHMWfxasyg=="
    }
  }
}
